
Microsoft Visual Studio Solution File, Format Version 12.00
# Visual Studio Version 17
VisualStudioVersion = 17.7.34031.279
MinimumVisualStudioVersion = 10.0.40219.1
Project("{FAE04EC0-301F-11D3-BF4B-00C04F79EFBC}") = "Assignment5", "Assignment5\Assignment5.csproj", "{BC1C05BC-76B6-44DA-852B-FA91A2784435}"
	ProjectSection(ProjectDependencies) = postProject
		{A9D3AD38-EB3B-430E-94D4-1ED94510855E} = {A9D3AD38-EB3B-430E-94D4-1ED94510855E}
	EndProjectSection
EndProject
Project("{FAE04EC0-301F-11D3-BF4B-00C04F79EFBC}") = "BankingBusinessLogicLayer", "BankingBusinessLogicLayer\BankingBusinessLogicLayer.csproj", "{A9D3AD38-EB3B-430E-94D4-1ED94510855E}"
EndProject
Global
	GlobalSection(SolutionConfigurationPlatforms) = preSolution
		Debug|Any CPU = Debug|Any CPU
		Release|Any CPU = Release|Any CPU
	EndGlobalSection
	GlobalSection(ProjectConfigurationPlatforms) = postSolution
		{BC1C05BC-76B6-44DA-852B-FA91A2784435}.Debug|Any CPU.ActiveCfg = Debug|Any CPU
		{BC1C05BC-76B6-44DA-852B-FA91A2784435}.Debug|Any CPU.Build.0 = Debug|Any CPU
		{BC1C05BC-76B6-44DA-852B-FA91A2784435}.Release|Any CPU.ActiveCfg = Release|Any CPU
		{BC1C05BC-76B6-44DA-852B-FA91A2784435}.Release|Any CPU.Build.0 = Release|Any CPU
		{A9D3AD38-EB3B-430E-94D4-1ED94510855E}.Debug|Any CPU.ActiveCfg = Debug|Any CPU
		{A9D3AD38-EB3B-430E-94D4-1ED94510855E}.Debug|Any CPU.Build.0 = Debug|Any CPU
		{A9D3AD38-EB3B-430E-94D4-1ED94510855E}.Release|Any CPU.ActiveCfg = Release|Any CPU
		{A9D3AD38-EB3B-430E-94D4-1ED94510855E}.Release|Any CPU.Build.0 = Release|Any CPU
	EndGlobalSection
	GlobalSection(SolutionProperties) = preSolution
		HideSolutionNode = FALSE
	EndGlobalSection
	GlobalSection(ExtensibilityGlobals) = postSolution
		SolutionGuid = {D729FA1D-6369-4D89-8B38-626DA564466B}
	EndGlobalSection
EndGlobal
